<?xml version="1.0" encoding="utf-8"?>
<Project ToolsVersion="4.0" xmlns="http://schemas.microsoft.com/developer/msbuild/2003">
  <ItemGroup>
    <Filter Include="Source Files">
      <UniqueIdentifier>{4ee82e89-1a7b-4659-a04e-e3172e3fee82}</UniqueIdentifier>
      <Extensions>cpp;c;cxx;rc;def;r;odl;idl;hpj;bat</Extensions>
    </Filter>
    <Filter Include="Header Files">
      <UniqueIdentifier>{3d50e066-1b2a-4dab-93ae-7834ff175900}</UniqueIdentifier>
      <Extensions>h;hpp;hxx;hm;inl</Extensions>
    </Filter>
    <Filter Include="Resource Files">
      <UniqueIdentifier>{1e33dbc6-6e78-43a1-9ab8-6c708e21c8e9}</UniqueIdentifier>
      <Extensions>ico;cur;bmp;dlg;rc2;rct;bin;rgs;gif;jpg;jpeg;jpe</Extensions>
    </Filter>
  </ItemGroup>
  <ItemGroup>
    <ClCompile Include="ExitWindows.cpp">
      <Filter>Source Files</Filter>
    </ClCompile>
    <ClCompile Include="Shutos.cpp">
      <Filter>Source Files</Filter>
    </ClCompile>
    <ClCompile Include="ShutosDlg.cpp">
      <Filter>Source Files</Filter>
    </ClCompile>
    <ClCompile Include="StdAfx.cpp">
      <Filter>Source Files</Filter>
    </ClCompile>
  </ItemGroup>
  <ItemGroup>
    <ResourceCompile Include="Shutos.rc">
      <Filter>Source Files</Filter>
    </ResourceCompile>
  </ItemGroup>
  <ItemGroup>
    <ClInclude Include="ExitWindows.h">
      <Filter>Header Files</Filter>
    </ClInclude>
    <ClInclude Include="Resource.h">
      <Filter>Header Files</Filter>
    </ClInclude>
    <ClInclude Include="Shutos.h">
      <Filter>Header Files</Filter>
    </ClInclude>
    <ClInclude Include="ShutosDlg.h">
      <Filter>Header Files</Filter>
    </ClInclude>
    <ClInclude Include="StdAfx.h">
      <Filter>Header Files</Filter>
    </ClInclude>
  </ItemGroup>
  <ItemGroup>
    <Image Include="res\icon10.ico">
      <Filter>Resource Files</Filter>
    </Image>
    <Image Include="res\icon9.ico">
      <Filter>Resource Files</Filter>
    </Image>
    <Image Include="res\Shutos.ico">
      <Filter>Resource Files</Filter>
    </Image>
    <Image Include="res\Shutos1.ico">
      <Filter>Resource Files</Filter>
    </Image>
    <Image Include="res\Shutos2.ico">
      <Filter>Resource Files</Filter>
    </Image>
    <Image Include="res\Shutos3.ico">
      <Filter>Resource Files</Filter>
    </Image>
    <Image Include="res\Shutos4.ico">
      <Filter>Resource Files</Filter>
    </Image>
    <Image Include="res\Shutos5.ico">
      <Filter>Resource Files</Filter>
    </Image>
    <Image Include="res\Shutos7.ico">
      <Filter>Resource Files</Filter>
    </Image>
    <Image Include="res\Shutos8.ico">
      <Filter>Resource Files</Filter>
    </Image>
    <Image Include="res\Shutos9.ico">
      <Filter>Resource Files</Filter>
    </Image>
    <Image Include="res\W95MBX03.ICO">
      <Filter>Resource Files</Filter>
    </Image>
  </ItemGroup>
  <ItemGroup>
    <Text Include="ReadMe.txt" />
  </ItemGroup>
  <ItemGroup>
    <CustomBuild Include="res\Shutos.rc2">
      <Filter>Resource Files</Filter>
    </CustomBuild>
  </ItemGroup>
</Project>